
Microsoft Visual Studio Solution File, Format Version 12.00
# Visual Studio Version 16
VisualStudioVersion = 16.0.32510.428
MinimumVisualStudioVersion = 10.0.40219.1
Project("{FAE04EC0-301F-11D3-BF4B-00C04F79EFBC}") = "Assignment5", "Assignment5\Assignment5.csproj", "{7C75BA28-55DD-44A3-83BC-B3AC8106B65D}"
EndProject
Global
	GlobalSection(SolutionConfigurationPlatforms) = preSolution
		Debug|Any CPU = Debug|Any CPU
		Release|Any CPU = Release|Any CPU
	EndGlobalSection
	GlobalSection(ProjectConfigurationPlatforms) = postSolution
		{7C75BA28-55DD-44A3-83BC-B3AC8106B65D}.Debug|Any CPU.ActiveCfg = Debug|Any CPU
		{7C75BA28-55DD-44A3-83BC-B3AC8106B65D}.Debug|Any CPU.Build.0 = Debug|Any CPU
		{7C75BA28-55DD-44A3-83BC-B3AC8106B65D}.Release|Any CPU.ActiveCfg = Release|Any CPU
		{7C75BA28-55DD-44A3-83BC-B3AC8106B65D}.Release|Any CPU.Build.0 = Release|Any CPU
	EndGlobalSection
	GlobalSection(SolutionProperties) = preSolution
		HideSolutionNode = FALSE
	EndGlobalSection
	GlobalSection(ExtensibilityGlobals) = postSolution
		SolutionGuid = {1CEE04CD-0BD3-433B-A50B-8B426F51E23C}
	EndGlobalSection
EndGlobal
